
Microsoft Visual Studio Solution File, Format Version 12.00
# Visual Studio 15
VisualStudioVersion = 15.0.28307.1082
MinimumVisualStudioVersion = 10.0.40219.1
Project("{8BC9CEB8-8B4A-11D0-8D11-00A0C91BC942}") = "bmpImageProcessing_1_3", "bmpImageProcessing_1_3\bmpImageProcessing_1_3.vcxproj", "{D20669D2-2434-4D0D-BD0B-E41A2BBA1120}"
EndProject
Global
	GlobalSection(SolutionConfigurationPlatforms) = preSolution
		Debug|x64 = Debug|x64
		Debug|x86 = Debug|x86
		Release|x64 = Release|x64
		Release|x86 = Release|x86
	EndGlobalSection
	GlobalSection(ProjectConfigurationPlatforms) = postSolution
		{D20669D2-2434-4D0D-BD0B-E41A2BBA1120}.Debug|x64.ActiveCfg = Debug|x64
		{D20669D2-2434-4D0D-BD0B-E41A2BBA1120}.Debug|x64.Build.0 = Debug|x64
		{D20669D2-2434-4D0D-BD0B-E41A2BBA1120}.Debug|x86.ActiveCfg = Debug|Win32
		{D20669D2-2434-4D0D-BD0B-E41A2BBA1120}.Debug|x86.Build.0 = Debug|Win32
		{D20669D2-2434-4D0D-BD0B-E41A2BBA1120}.Release|x64.ActiveCfg = Release|x64
		{D20669D2-2434-4D0D-BD0B-E41A2BBA1120}.Release|x64.Build.0 = Release|x64
		{D20669D2-2434-4D0D-BD0B-E41A2BBA1120}.Release|x86.ActiveCfg = Release|Win32
		{D20669D2-2434-4D0D-BD0B-E41A2BBA1120}.Release|x86.Build.0 = Release|Win32
	EndGlobalSection
	GlobalSection(SolutionProperties) = preSolution
		HideSolutionNode = FALSE
	EndGlobalSection
	GlobalSection(ExtensibilityGlobals) = postSolution
		SolutionGuid = {9668DB02-C23A-4B86-BFAC-9BA96B94F792}
	EndGlobalSection
EndGlobal
